{
  "version": 4,
  "terraform_version": "1.11.4",
  "serial": 179,
  "lineage": "a85851c1-5290-2636-c909-536544b2c773",
  "outputs": {
    "azure_vm_ips": {
      "value": [
        "52.174.142.34"
      ],
      "type": [
        "tuple",
        [
          "string"
        ]
      ]
    },
    "webserver_ips": {
      "value": [
        "192.168.20.77"
      ],
      "type": [
        "tuple",
        [
          "string"
        ]
      ]
    }
  },
  "resources": [
    {
      "mode": "data",
      "type": "azurerm_resource_group",
      "name": "rg",
      "provider": "provider[\"registry.terraform.io/hashicorp/azurerm\"]",
      "instances": [
        {
          "schema_version": 0,
          "attributes": {
            "id": "/subscriptions/7c2cf771-1067-4e56-9047-4a218905ddaf/resourceGroups/s1190828",
            "location": "westeurope",
            "managed_by": "",
            "name": "s1190828",
            "tags": {},
            "timeouts": null
          },
          "sensitive_attributes": []
        }
      ]
    },
    {
      "mode": "managed",
      "type": "azurerm_linux_virtual_machine",
      "name": "vm",
      "provider": "provider[\"registry.terraform.io/hashicorp/azurerm\"]",
      "instances": [
        {
          "index_key": 0,
          "schema_version": 0,
          "attributes": {
            "additional_capabilities": [],
            "admin_password": null,
            "admin_ssh_key": [
              {
                "public_key": "ssh-ed25519 AAAAC3NzaC1lZDI1NTE5AAAAIL58jaxD3fXQPm5zm7KdRJ0vMFsC1a/BnCtDgspeCbwg student@s1190828-ubuntu\n",
                "username": "iac"
              }
            ],
            "admin_username": "iac",
            "allow_extension_operations": true,
            "availability_set_id": "",
            "boot_diagnostics": [],
            "bypass_platform_safety_checks_on_user_schedule_enabled": false,
            "capacity_reservation_group_id": "",
            "computer_name": "iac-vm-0",
            "custom_data": "I2Nsb3VkLWNvbmZpZwp1c2VyczoKICAtIG5hbWU6IHRlc3R1c2VyCiAgICBncm91cHM6IHN1ZG8KICAgIHNoZWxsOiAvYmluL2Jhc2gKICAgIHN1ZG86IFsnQUxMPShBTEwpIE5PUEFTU1dEOkFMTCddCiAgICBzc2hfYXV0aG9yaXplZF9rZXlzOgogICAgICAtIHNzaC1yc2EgQUFBQUIzTnphQzF5YzJFQUFBQURBUUFCQUFBQ0FRRHFrbFN0eTFXMW9oV05mZG9TM1loZGdVNm9zQkhpUy91aFNqUkorVE1xcXZCLzRoNTBWMDRWQzNOQmNhck54UTZ4OVhmZmJWUGJJaURQQy9NQm40Z1pVclZSZzZSbndUMlRNUWNJMVBjclVIOWlpR1VQYk95WWdmMGw1TDdPMXZIQUNhS0ZNczVFR1hGbEFDYndWTUdwbC9tMXZjYlB2c3hRUDlrU3hhSHN1Ukd4ZllkblM2bEtCWERmRTU0c0Q2U25QN1padXZ2TDNKeW94YnVJZ3Bmd3RiT000S3NPT2RiSlBydGFCcVlQOUxhU2RSd3RZTVZ3UGF4RXp3d21rRFBPT05USWtuZ2FOckdxcWp3V21oc0Y1TXRVQUtzbGFrczE5V3VaSjgrelUzd21NTk1zTWQ5OE5NaWRrM1dKNjF1UlBtZ1diTHpIbElTdjNHMTk0ZG1LY3lCcnFMUW1jVWJObmJSTktGR3hYSjJuRTJsaEhqeWFiMDJIR3JvRjBtb2VOQ1BmWCtsTjdDMnp4elVhSk55bWpzZzUxU0xFLzA1L082NVZwSzRXMStwQTNoYTNMWUpUVmlVZjBia0JMaU9FbWozL29IbkJWN3VsV21TY08vRk9mL2d2NlRVMjlDL1ZnOHVKUHBJZldHSFVLWDYyN3FRbGNCRVc1ZEgvZEl0UTE2VUJRTlVkVUFGVk1UbmpqMVh0d1JwQk9vR1FDZW5TeXRpOW54dGlud2o1dGhnZXVVUzR3UzV6aDY5d1lCcDM5L2QrcW1La1l4d2YxUjc3YmhmWWp5bWlKemtNUkVFck5vUTUwaFFVOXNsR1ZnWTVkNWE0K0xuanp4MkN6YzZFM2Z1OGNwbjh4Nkh6aGFTMFVFWXh6NkdiQjIycnJqd3ROdXZUNGYyS2d3PT0gc3R1ZGVudEBzMTE5MDgyOC11YnVudHUKCndyaXRlX2ZpbGVzOgogIC0gcGF0aDogL2hvbWUvdGVzdHVzZXIvLnNzaC9pZF9yc2EKICAgIGNvbnRlbnQ6IHwKICAgICAgJCh0ZXN0dXNlcl9wcml2a2V5KQogICAgb3duZXI6IHRlc3R1c2VyOnRlc3R1c2VyCiAgICBwZXJtaXNzaW9uczogJzA2MDAn",
            "dedicated_host_group_id": "",
            "dedicated_host_id": "",
            "disable_password_authentication": true,
            "disk_controller_type": "",
            "edge_zone": "",
            "encryption_at_host_enabled": false,
            "eviction_policy": "",
            "extensions_time_budget": "PT1H30M",
            "gallery_application": [],
            "id": "/subscriptions/7c2cf771-1067-4e56-9047-4a218905ddaf/resourceGroups/s1190828/providers/Microsoft.Compute/virtualMachines/iac-vm-0",
            "identity": [],
            "license_type": "",
            "location": "westeurope",
            "max_bid_price": -1,
            "name": "iac-vm-0",
            "network_interface_ids": [
              "/subscriptions/7c2cf771-1067-4e56-9047-4a218905ddaf/resourceGroups/s1190828/providers/Microsoft.Network/networkInterfaces/iac-nic-0"
            ],
            "os_disk": [
              {
                "caching": "ReadWrite",
                "diff_disk_settings": [],
                "disk_encryption_set_id": "",
                "disk_size_gb": 30,
                "id": "/subscriptions/7c2cf771-1067-4e56-9047-4a218905ddaf/resourceGroups/s1190828/providers/Microsoft.Compute/disks/iac-vm-0_OsDisk_1_5074ac77e5ed4e23afac455584cc4aa2",
                "name": "iac-vm-0_OsDisk_1_5074ac77e5ed4e23afac455584cc4aa2",
                "secure_vm_disk_encryption_set_id": "",
                "security_encryption_type": "",
                "storage_account_type": "Standard_LRS",
                "write_accelerator_enabled": false
              }
            ],
            "os_image_notification": [],
            "patch_assessment_mode": "ImageDefault",
            "patch_mode": "ImageDefault",
            "plan": [],
            "platform_fault_domain": -1,
            "priority": "Regular",
            "private_ip_address": "10.0.1.4",
            "private_ip_addresses": [
              "10.0.1.4"
            ],
            "provision_vm_agent": true,
            "proximity_placement_group_id": "",
            "public_ip_address": "52.174.142.34",
            "public_ip_addresses": [
              "52.174.142.34"
            ],
            "reboot_setting": "",
            "resource_group_name": "s1190828",
            "secret": [],
            "secure_boot_enabled": false,
            "size": "Standard_B2ats_v2",
            "source_image_id": "",
            "source_image_reference": [
              {
                "offer": "0001-com-ubuntu-server-focal",
                "publisher": "Canonical",
                "sku": "20_04-lts",
                "version": "latest"
              }
            ],
            "tags": null,
            "termination_notification": null,
            "timeouts": null,
            "user_data": "",
            "virtual_machine_id": "ee884fbd-7c08-4181-819c-8218a8ea5f8c",
            "virtual_machine_scale_set_id": "",
            "vm_agent_platform_updates_enabled": false,
            "vtpm_enabled": false,
            "zone": ""
          },
          "sensitive_attributes": [
            [
              {
                "type": "get_attr",
                "value": "admin_password"
              }
            ],
            [
              {
                "type": "get_attr",
                "value": "custom_data"
              }
            ]
          ],
          "private": "eyJlMmJmYjczMC1lY2FhLTExZTYtOGY4OC0zNDM2M2JjN2M0YzAiOnsiY3JlYXRlIjoyNzAwMDAwMDAwMDAwLCJkZWxldGUiOjI3MDAwMDAwMDAwMDAsInJlYWQiOjMwMDAwMDAwMDAwMCwidXBkYXRlIjoyNzAwMDAwMDAwMDAwfX0=",
          "dependencies": [
            "azurerm_network_interface.nic",
            "azurerm_public_ip.pip",
            "azurerm_subnet.subnet",
            "azurerm_virtual_network.vnet",
            "data.azurerm_resource_group.rg"
          ]
        }
      ]
    },
    {
      "mode": "managed",
      "type": "azurerm_network_interface",
      "name": "nic",
      "provider": "provider[\"registry.terraform.io/hashicorp/azurerm\"]",
      "instances": [
        {
          "index_key": 0,
          "schema_version": 0,
          "attributes": {
            "accelerated_networking_enabled": false,
            "applied_dns_servers": [],
            "auxiliary_mode": "",
            "auxiliary_sku": "",
            "dns_servers": null,
            "edge_zone": "",
            "id": "/subscriptions/7c2cf771-1067-4e56-9047-4a218905ddaf/resourceGroups/s1190828/providers/Microsoft.Network/networkInterfaces/iac-nic-0",
            "internal_dns_name_label": "",
            "internal_domain_name_suffix": "1stagnrgcw3upnsmy4ol4ivvyf.ax.internal.cloudapp.net",
            "ip_configuration": [
              {
                "gateway_load_balancer_frontend_ip_configuration_id": "",
                "name": "internal",
                "primary": true,
                "private_ip_address": "10.0.1.4",
                "private_ip_address_allocation": "Dynamic",
                "private_ip_address_version": "IPv4",
                "public_ip_address_id": "/subscriptions/7c2cf771-1067-4e56-9047-4a218905ddaf/resourceGroups/s1190828/providers/Microsoft.Network/publicIPAddresses/2b-publicip-0",
                "subnet_id": "/subscriptions/7c2cf771-1067-4e56-9047-4a218905ddaf/resourceGroups/s1190828/providers/Microsoft.Network/virtualNetworks/2bvnet/subnets/2bsubnet"
              }
            ],
            "ip_forwarding_enabled": false,
            "location": "westeurope",
            "mac_address": "",
            "name": "iac-nic-0",
            "private_ip_address": "10.0.1.4",
            "private_ip_addresses": [
              "10.0.1.4"
            ],
            "resource_group_name": "s1190828",
            "tags": null,
            "timeouts": null,
            "virtual_machine_id": ""
          },
          "sensitive_attributes": [],
          "private": "eyJlMmJmYjczMC1lY2FhLTExZTYtOGY4OC0zNDM2M2JjN2M0YzAiOnsiY3JlYXRlIjoxODAwMDAwMDAwMDAwLCJkZWxldGUiOjE4MDAwMDAwMDAwMDAsInJlYWQiOjMwMDAwMDAwMDAwMCwidXBkYXRlIjoxODAwMDAwMDAwMDAwfX0=",
          "dependencies": [
            "azurerm_public_ip.pip",
            "azurerm_subnet.subnet",
            "azurerm_virtual_network.vnet",
            "data.azurerm_resource_group.rg"
          ]
        }
      ]
    },
    {
      "mode": "managed",
      "type": "azurerm_public_ip",
      "name": "pip",
      "provider": "provider[\"registry.terraform.io/hashicorp/azurerm\"]",
      "instances": [
        {
          "index_key": 0,
          "schema_version": 0,
          "attributes": {
            "allocation_method": "Static",
            "ddos_protection_mode": "VirtualNetworkInherited",
            "ddos_protection_plan_id": null,
            "domain_name_label": null,
            "domain_name_label_scope": null,
            "edge_zone": "",
            "fqdn": null,
            "id": "/subscriptions/7c2cf771-1067-4e56-9047-4a218905ddaf/resourceGroups/s1190828/providers/Microsoft.Network/publicIPAddresses/2b-publicip-0",
            "idle_timeout_in_minutes": 4,
            "ip_address": "52.174.142.34",
            "ip_tags": null,
            "ip_version": "IPv4",
            "location": "westeurope",
            "name": "2b-publicip-0",
            "public_ip_prefix_id": null,
            "resource_group_name": "s1190828",
            "reverse_fqdn": null,
            "sku": "Basic",
            "sku_tier": "Regional",
            "tags": null,
            "timeouts": null,
            "zones": null
          },
          "sensitive_attributes": [],
          "private": "eyJlMmJmYjczMC1lY2FhLTExZTYtOGY4OC0zNDM2M2JjN2M0YzAiOnsiY3JlYXRlIjoxODAwMDAwMDAwMDAwLCJkZWxldGUiOjE4MDAwMDAwMDAwMDAsInJlYWQiOjMwMDAwMDAwMDAwMCwidXBkYXRlIjoxODAwMDAwMDAwMDAwfX0=",
          "dependencies": [
            "data.azurerm_resource_group.rg"
          ]
        }
      ]
    },
    {
      "mode": "managed",
      "type": "azurerm_subnet",
      "name": "subnet",
      "provider": "provider[\"registry.terraform.io/hashicorp/azurerm\"]",
      "instances": [
        {
          "schema_version": 0,
          "attributes": {
            "address_prefixes": [
              "10.0.1.0/24"
            ],
            "default_outbound_access_enabled": true,
            "delegation": [],
            "id": "/subscriptions/7c2cf771-1067-4e56-9047-4a218905ddaf/resourceGroups/s1190828/providers/Microsoft.Network/virtualNetworks/2bvnet/subnets/2bsubnet",
            "name": "2bsubnet",
            "private_endpoint_network_policies": "Disabled",
            "private_link_service_network_policies_enabled": true,
            "resource_group_name": "s1190828",
            "service_endpoint_policy_ids": null,
            "service_endpoints": null,
            "timeouts": null,
            "virtual_network_name": "2bvnet"
          },
          "sensitive_attributes": [],
          "private": "eyJlMmJmYjczMC1lY2FhLTExZTYtOGY4OC0zNDM2M2JjN2M0YzAiOnsiY3JlYXRlIjoxODAwMDAwMDAwMDAwLCJkZWxldGUiOjE4MDAwMDAwMDAwMDAsInJlYWQiOjMwMDAwMDAwMDAwMCwidXBkYXRlIjoxODAwMDAwMDAwMDAwfX0=",
          "dependencies": [
            "azurerm_virtual_network.vnet",
            "data.azurerm_resource_group.rg"
          ]
        }
      ]
    },
    {
      "mode": "managed",
      "type": "azurerm_virtual_network",
      "name": "vnet",
      "provider": "provider[\"registry.terraform.io/hashicorp/azurerm\"]",
      "instances": [
        {
          "schema_version": 0,
          "attributes": {
            "address_space": [
              "10.0.0.0/16"
            ],
            "bgp_community": "",
            "ddos_protection_plan": [],
            "dns_servers": [],
            "edge_zone": "",
            "encryption": [],
            "flow_timeout_in_minutes": 0,
            "guid": "3603a6dc-1526-47bb-b64c-c79cbf22b5c5",
            "id": "/subscriptions/7c2cf771-1067-4e56-9047-4a218905ddaf/resourceGroups/s1190828/providers/Microsoft.Network/virtualNetworks/2bvnet",
            "ip_address_pool": [],
            "location": "westeurope",
            "name": "2bvnet",
            "private_endpoint_vnet_policies": "Disabled",
            "resource_group_name": "s1190828",
            "subnet": [],
            "tags": null,
            "timeouts": null
          },
          "sensitive_attributes": [],
          "private": "eyJlMmJmYjczMC1lY2FhLTExZTYtOGY4OC0zNDM2M2JjN2M0YzAiOnsiY3JlYXRlIjoxODAwMDAwMDAwMDAwLCJkZWxldGUiOjE4MDAwMDAwMDAwMDAsInJlYWQiOjMwMDAwMDAwMDAwMCwidXBkYXRlIjoxODAwMDAwMDAwMDAwfX0=",
          "dependencies": [
            "data.azurerm_resource_group.rg"
          ]
        }
      ]
    },
    {
      "mode": "managed",
      "type": "esxi_guest",
      "name": "webserver",
      "provider": "provider[\"registry.terraform.io/josenk/esxi\"]",
      "instances": [
        {
          "index_key": 0,
          "schema_version": 0,
          "attributes": {
            "boot_disk_size": null,
            "boot_disk_type": "thin",
            "boot_firmware": "bios",
            "clone_from_vm": null,
            "disk_store": "DS01",
            "guest_name": "webserver-1",
            "guest_shutdown_timeout": 20,
            "guest_startup_timeout": 120,
            "guestinfo": {
              "userdata": "I2Nsb3VkLWNvbmZpZwp1c2VyczoKICAtIG5hbWU6IHRlc3R1c2VyCiAgICBncm91cHM6IHN1ZG8KICAgIHNoZWxsOiAvYmluL2Jhc2gKICAgIHN1ZG86IFsnQUxMPShBTEwpIE5PUEFTU1dEOkFMTCddCiAgICBzc2hfYXV0aG9yaXplZF9rZXlzOgogICAgICAtIHNzaC1yc2EgQUFBQUIzTnphQzF5YzJFQUFBQURBUUFCQUFBQ0FRRHFrbFN0eTFXMW9oV05mZG9TM1loZGdVNm9zQkhpUy91aFNqUkorVE1xcXZCLzRoNTBWMDRWQzNOQmNhck54UTZ4OVhmZmJWUGJJaURQQy9NQm40Z1pVclZSZzZSbndUMlRNUWNJMVBjclVIOWlpR1VQYk95WWdmMGw1TDdPMXZIQUNhS0ZNczVFR1hGbEFDYndWTUdwbC9tMXZjYlB2c3hRUDlrU3hhSHN1Ukd4ZllkblM2bEtCWERmRTU0c0Q2U25QN1padXZ2TDNKeW94YnVJZ3Bmd3RiT000S3NPT2RiSlBydGFCcVlQOUxhU2RSd3RZTVZ3UGF4RXp3d21rRFBPT05USWtuZ2FOckdxcWp3V21oc0Y1TXRVQUtzbGFrczE5V3VaSjgrelUzd21NTk1zTWQ5OE5NaWRrM1dKNjF1UlBtZ1diTHpIbElTdjNHMTk0ZG1LY3lCcnFMUW1jVWJObmJSTktGR3hYSjJuRTJsaEhqeWFiMDJIR3JvRjBtb2VOQ1BmWCtsTjdDMnp4elVhSk55bWpzZzUxU0xFLzA1L082NVZwSzRXMStwQTNoYTNMWUpUVmlVZjBia0JMaU9FbWozL29IbkJWN3VsV21TY08vRk9mL2d2NlRVMjlDL1ZnOHVKUHBJZldHSFVLWDYyN3FRbGNCRVc1ZEgvZEl0UTE2VUJRTlVkVUFGVk1UbmpqMVh0d1JwQk9vR1FDZW5TeXRpOW54dGlud2o1dGhnZXVVUzR3UzV6aDY5d1lCcDM5L2QrcW1La1l4d2YxUjc3YmhmWWp5bWlKemtNUkVFck5vUTUwaFFVOXNsR1ZnWTVkNWE0K0xuanp4MkN6YzZFM2Z1OGNwbjh4Nkh6aGFTMFVFWXh6NkdiQjIycnJqd3ROdXZUNGYyS2d3PT0gc3R1ZGVudEBzMTE5MDgyOC11YnVudHUKCndyaXRlX2ZpbGVzOgogIC0gcGF0aDogL2hvbWUvdGVzdHVzZXIvLnNzaC9pZF9yc2EKICAgIGNvbnRlbnQ6IHwKICAgICAgJCh0ZXN0dXNlcl9wcml2a2V5KQogICAgb3duZXI6IHRlc3R1c2VyOnRlc3R1c2VyCiAgICBwZXJtaXNzaW9uczogJzA2MDAn",
              "userdata.encoding": "base64"
            },
            "guestos": "ubuntu-64",
            "host_ovf": null,
            "id": "78",
            "ip_address": "192.168.20.77",
            "memsize": "1024",
            "network_interfaces": [
              {
                "mac_address": "",
                "nic_type": "e1000",
                "virtual_network": "VM Network"
              }
            ],
            "notes": "",
            "numvcpus": "1",
            "ovf_properties": [],
            "ovf_properties_timer": 90,
            "ovf_source": "https://cloud-images.ubuntu.com/releases/24.04/release/ubuntu-24.04-server-cloudimg-amd64.ova",
            "power": "on",
            "resource_pool_name": "/",
            "virthwver": "10",
            "virtual_disks": []
          },
          "sensitive_attributes": [],
          "private": "bnVsbA=="
        }
      ]
    },
    {
      "mode": "managed",
      "type": "null_resource",
      "name": "generate_inventory_and_known_hosts",
      "provider": "provider[\"registry.terraform.io/hashicorp/null\"]",
      "instances": [
        {
          "schema_version": 0,
          "attributes": {
            "id": "829882236046550529",
            "triggers": null
          },
          "sensitive_attributes": [],
          "dependencies": [
            "azurerm_linux_virtual_machine.vm",
            "azurerm_network_interface.nic",
            "azurerm_public_ip.pip",
            "azurerm_subnet.subnet",
            "azurerm_virtual_network.vnet",
            "data.azurerm_resource_group.rg",
            "esxi_guest.webserver"
          ]
        }
      ]
    }
  ],
  "check_results": null
}
