{
  "version": 4,
  "terraform_version": "1.11.4",
  "serial": 98,
  "lineage": "a85851c1-5290-2636-c909-536544b2c773",
  "outputs": {},
  "resources": [
    {
      "mode": "managed",
      "type": "esxi_guest",
      "name": "webserver",
      "provider": "provider[\"registry.terraform.io/josenk/esxi\"]",
      "instances": [
        {
          "index_key": 0,
          "schema_version": 0,
          "attributes": {
            "boot_disk_size": null,
            "boot_disk_type": "thin",
            "boot_firmware": "bios",
            "clone_from_vm": null,
            "disk_store": "DS01",
            "guest_name": "webserver-1",
            "guest_shutdown_timeout": 20,
            "guest_startup_timeout": 120,
            "guestinfo": {
              "userdata": "I2Nsb3VkLWNvbmZpZwp1c2VyczoKICAtIG5hbWU6IHN0dWRlbnQKICAgIGdyb3Vwczogc3VkbwogICAgc3VkbzogQUxMPShBTEwpIE5PUEFTU1dEOkFMTAogICAgc2hlbGw6IC9iaW4vYmFzaAogICAgc3NoX2F1dGhvcml6ZWRfa2V5czoKICAgIC0gc3NoLWVkMjU1MTkgQUFBQUMzTnphQzFsWkRJMU5URTVBQUFBSUw1OGpheEQzZlhRUG01em03S2RSSjB2TUZzQzFhL0JuQ3REZ3NwZUNid2cgc3R1ZGVudEBzMTE5MDgyOC11YnVudHU=",
              "userdata.encoding": "base64"
            },
            "guestos": "ubuntu-64",
            "host_ovf": null,
            "id": "71",
            "ip_address": "192.168.20.71",
            "memsize": "1024",
            "network_interfaces": [
              {
                "mac_address": "",
                "nic_type": "e1000",
                "virtual_network": "VM Network"
              }
            ],
            "notes": "",
            "numvcpus": "1",
            "ovf_properties": [],
            "ovf_properties_timer": 90,
            "ovf_source": "https://cloud-images.ubuntu.com/releases/24.04/release/ubuntu-24.04-server-cloudimg-amd64.ova",
            "power": "on",
            "resource_pool_name": "/",
            "virthwver": "10",
            "virtual_disks": []
          },
          "sensitive_attributes": [],
          "private": "bnVsbA=="
        }
      ]
    }
  ],
  "check_results": null
}
